
Microsoft Visual Studio Solution File, Format Version 12.00
# Visual Studio Version 17
VisualStudioVersion = 17.5.002.0
MinimumVisualStudioVersion = 10.0.40219.1
Project("{9A19103F-16F7-4668-BE54-9A1E7A4F7556}") = "Striver-DSA-A-Z", "Striver-DSA-A-Z.csproj", "{1B60A502-E1AF-4B43-BFE7-4AC23D3F5DA7}"
EndProject
Global
	GlobalSection(SolutionConfigurationPlatforms) = preSolution
		Debug|Any CPU = Debug|Any CPU
		Release|Any CPU = Release|Any CPU
	EndGlobalSection
	GlobalSection(ProjectConfigurationPlatforms) = postSolution
		{1B60A502-E1AF-4B43-BFE7-4AC23D3F5DA7}.Debug|Any CPU.ActiveCfg = Debug|Any CPU
		{1B60A502-E1AF-4B43-BFE7-4AC23D3F5DA7}.Debug|Any CPU.Build.0 = Debug|Any CPU
		{1B60A502-E1AF-4B43-BFE7-4AC23D3F5DA7}.Release|Any CPU.ActiveCfg = Release|Any CPU
		{1B60A502-E1AF-4B43-BFE7-4AC23D3F5DA7}.Release|Any CPU.Build.0 = Release|Any CPU
	EndGlobalSection
	GlobalSection(SolutionProperties) = preSolution
		HideSolutionNode = FALSE
	EndGlobalSection
	GlobalSection(ExtensibilityGlobals) = postSolution
		SolutionGuid = {5A51A6A7-3F49-48D8-B2BD-075F8912F066}
	EndGlobalSection
EndGlobal
